// !$*UTF8*$!
{
	archiveVersion = 1;
	classes = {
	};
	objectVersion = 51;
	objects = {

/* Begin PBXBuildFile section */
		121B2C70D14959FB5111E1D2 /* Pods_GitHubAPI.framework in Frameworks */ = {isa = PBXBuildFile; fileRef = 05575C9112240C75CC2B2664 /* Pods_GitHubAPI.framework */; };
		372F22BC23FF9E4E003ABB02 /* RepositoryModel.swift in Sources */ = {isa = PBXBuildFile; fileRef = 372F22AA23FF9E4E003ABB02 /* RepositoryModel.swift */; };
		372F22BD23FF9E4E003ABB02 /* OwnerModel.swift in Sources */ = {isa = PBXBuildFile; fileRef = 372F22AB23FF9E4E003ABB02 /* OwnerModel.swift */; };
		372F22BE23FF9E4E003ABB02 /* HomeInteractor.swift in Sources */ = {isa = PBXBuildFile; fileRef = 372F22AE23FF9E4E003ABB02 /* HomeInteractor.swift */; };
		372F22BF23FF9E4E003ABB02 /* HomeViewController.swift in Sources */ = {isa = PBXBuildFile; fileRef = 372F22AF23FF9E4E003ABB02 /* HomeViewController.swift */; };
		372F22C023FF9E4E003ABB02 /* HomeWireFrame.swift in Sources */ = {isa = PBXBuildFile; fileRef = 372F22B023FF9E4E003ABB02 /* HomeWireFrame.swift */; };
		372F22C123FF9E4E003ABB02 /* HomePresenter.swift in Sources */ = {isa = PBXBuildFile; fileRef = 372F22B123FF9E4E003ABB02 /* HomePresenter.swift */; };
		372F22C223FF9E4E003ABB02 /* HomeRemoteDataManager.swift in Sources */ = {isa = PBXBuildFile; fileRef = 372F22B223FF9E4E003ABB02 /* HomeRemoteDataManager.swift */; };
		372F22C323FF9E4E003ABB02 /* HomeProtocols.swift in Sources */ = {isa = PBXBuildFile; fileRef = 372F22B323FF9E4E003ABB02 /* HomeProtocols.swift */; };
		372F22C423FF9E4E003ABB02 /* AppDelegate.swift in Sources */ = {isa = PBXBuildFile; fileRef = 372F22B523FF9E4E003ABB02 /* AppDelegate.swift */; };
		372F22C523FF9E4E003ABB02 /* SceneDelegate.swift in Sources */ = {isa = PBXBuildFile; fileRef = 372F22B623FF9E4E003ABB02 /* SceneDelegate.swift */; };
		372F22C623FF9E4E003ABB02 /* ProfileDetailProtocols.swift in Sources */ = {isa = PBXBuildFile; fileRef = 372F22B823FF9E4E003ABB02 /* ProfileDetailProtocols.swift */; };
		372F22C723FF9E4E003ABB02 /* ProfileDetailWireFrame.swift in Sources */ = {isa = PBXBuildFile; fileRef = 372F22B923FF9E4E003ABB02 /* ProfileDetailWireFrame.swift */; };
		372F22C823FF9E4E003ABB02 /* Protocols.swift in Sources */ = {isa = PBXBuildFile; fileRef = 372F22BB23FF9E4E003ABB02 /* Protocols.swift */; };
		372F22CA23FF9E72003ABB02 /* UIViewController+Extension.swift in Sources */ = {isa = PBXBuildFile; fileRef = 372F22C923FF9E72003ABB02 /* UIViewController+Extension.swift */; };
		372F22CC23FFA195003ABB02 /* ProfileDetailViewController.swift in Sources */ = {isa = PBXBuildFile; fileRef = 372F22CB23FFA195003ABB02 /* ProfileDetailViewController.swift */; };
		372F22CE23FFAC4F003ABB02 /* ReposTableViewCell.swift in Sources */ = {isa = PBXBuildFile; fileRef = 372F22CD23FFAC4F003ABB02 /* ReposTableViewCell.swift */; };
		372F22D023FFBDDA003ABB02 /* ResponseError.swift in Sources */ = {isa = PBXBuildFile; fileRef = 372F22CF23FFBDDA003ABB02 /* ResponseError.swift */; };
		374FFE3123FDC01A00FA1C3F /* GitHubAPITests.swift in Sources */ = {isa = PBXBuildFile; fileRef = 374FFE3023FDC01A00FA1C3F /* GitHubAPITests.swift */; };
		374FFE4F23FE069300FA1C3F /* LaunchScreen.storyboard in Resources */ = {isa = PBXBuildFile; fileRef = 374FFE4623FE069200FA1C3F /* LaunchScreen.storyboard */; };
		374FFE5023FE069300FA1C3F /* Assets.xcassets in Resources */ = {isa = PBXBuildFile; fileRef = 374FFE4723FE069200FA1C3F /* Assets.xcassets */; };
		374FFE5123FE069300FA1C3F /* Main.storyboard in Resources */ = {isa = PBXBuildFile; fileRef = 374FFE4823FE069200FA1C3F /* Main.storyboard */; };
		374FFE5A23FE10F800FA1C3F /* Api.swift in Sources */ = {isa = PBXBuildFile; fileRef = 374FFE5923FE10F800FA1C3F /* Api.swift */; };
		374FFE5C23FE117B00FA1C3F /* ApiDefinitions.swift in Sources */ = {isa = PBXBuildFile; fileRef = 374FFE5B23FE117B00FA1C3F /* ApiDefinitions.swift */; };
		374FFE6023FE121D00FA1C3F /* Error+Extension.swift in Sources */ = {isa = PBXBuildFile; fileRef = 374FFE5F23FE121D00FA1C3F /* Error+Extension.swift */; };
		374FFE6423FE12CA00FA1C3F /* URLRequest+Extension.swift in Sources */ = {isa = PBXBuildFile; fileRef = 374FFE6323FE12CA00FA1C3F /* URLRequest+Extension.swift */; };
		BE1BBA244E79ACFDD294027D /* Pods_GitHubAPITests.framework in Frameworks */ = {isa = PBXBuildFile; fileRef = B0A9DD2D8F3F5AC23EB9AFA3 /* Pods_GitHubAPITests.framework */; };
/* End PBXBuildFile section */

/* Begin PBXContainerItemProxy section */
		374FFE2D23FDC01A00FA1C3F /* PBXContainerItemProxy */ = {
			isa = PBXContainerItemProxy;
			containerPortal = 374FFE0E23FDC01700FA1C3F /* Project object */;
			proxyType = 1;
			remoteGlobalIDString = 374FFE1523FDC01700FA1C3F;
			remoteInfo = GitHubAPI;
		};
/* End PBXContainerItemProxy section */

/* Begin PBXFileReference section */
		047E828E06B568B58FF1312E /* Pods-GitHubAPITests.release.xcconfig */ = {isa = PBXFileReference; includeInIndex = 1; lastKnownFileType = text.xcconfig; name = "Pods-GitHubAPITests.release.xcconfig"; path = "Target Support Files/Pods-GitHubAPITests/Pods-GitHubAPITests.release.xcconfig"; sourceTree = "<group>"; };
		05575C9112240C75CC2B2664 /* Pods_GitHubAPI.framework */ = {isa = PBXFileReference; explicitFileType = wrapper.framework; includeInIndex = 0; path = Pods_GitHubAPI.framework; sourceTree = BUILT_PRODUCTS_DIR; };
		372F22AA23FF9E4E003ABB02 /* RepositoryModel.swift */ = {isa = PBXFileReference; fileEncoding = 4; lastKnownFileType = sourcecode.swift; path = RepositoryModel.swift; sourceTree = "<group>"; };
		372F22AB23FF9E4E003ABB02 /* OwnerModel.swift */ = {isa = PBXFileReference; fileEncoding = 4; lastKnownFileType = sourcecode.swift; path = OwnerModel.swift; sourceTree = "<group>"; };
		372F22AE23FF9E4E003ABB02 /* HomeInteractor.swift */ = {isa = PBXFileReference; fileEncoding = 4; lastKnownFileType = sourcecode.swift; path = HomeInteractor.swift; sourceTree = "<group>"; };
		372F22AF23FF9E4E003ABB02 /* HomeViewController.swift */ = {isa = PBXFileReference; fileEncoding = 4; lastKnownFileType = sourcecode.swift; path = HomeViewController.swift; sourceTree = "<group>"; };
		372F22B023FF9E4E003ABB02 /* HomeWireFrame.swift */ = {isa = PBXFileReference; fileEncoding = 4; lastKnownFileType = sourcecode.swift; path = HomeWireFrame.swift; sourceTree = "<group>"; };
		372F22B123FF9E4E003ABB02 /* HomePresenter.swift */ = {isa = PBXFileReference; fileEncoding = 4; lastKnownFileType = sourcecode.swift; path = HomePresenter.swift; sourceTree = "<group>"; };
		372F22B223FF9E4E003ABB02 /* HomeRemoteDataManager.swift */ = {isa = PBXFileReference; fileEncoding = 4; lastKnownFileType = sourcecode.swift; path = HomeRemoteDataManager.swift; sourceTree = "<group>"; };
		372F22B323FF9E4E003ABB02 /* HomeProtocols.swift */ = {isa = PBXFileReference; fileEncoding = 4; lastKnownFileType = sourcecode.swift; path = HomeProtocols.swift; sourceTree = "<group>"; };
		372F22B523FF9E4E003ABB02 /* AppDelegate.swift */ = {isa = PBXFileReference; fileEncoding = 4; lastKnownFileType = sourcecode.swift; path = AppDelegate.swift; sourceTree = "<group>"; };
		372F22B623FF9E4E003ABB02 /* SceneDelegate.swift */ = {isa = PBXFileReference; fileEncoding = 4; lastKnownFileType = sourcecode.swift; path = SceneDelegate.swift; sourceTree = "<group>"; };
		372F22B823FF9E4E003ABB02 /* ProfileDetailProtocols.swift */ = {isa = PBXFileReference; fileEncoding = 4; lastKnownFileType = sourcecode.swift; path = ProfileDetailProtocols.swift; sourceTree = "<group>"; };
		372F22B923FF9E4E003ABB02 /* ProfileDetailWireFrame.swift */ = {isa = PBXFileReference; fileEncoding = 4; lastKnownFileType = sourcecode.swift; path = ProfileDetailWireFrame.swift; sourceTree = "<group>"; };
		372F22BB23FF9E4E003ABB02 /* Protocols.swift */ = {isa = PBXFileReference; fileEncoding = 4; lastKnownFileType = sourcecode.swift; path = Protocols.swift; sourceTree = "<group>"; };
		372F22C923FF9E72003ABB02 /* UIViewController+Extension.swift */ = {isa = PBXFileReference; fileEncoding = 4; lastKnownFileType = sourcecode.swift; path = "UIViewController+Extension.swift"; sourceTree = "<group>"; };
		372F22CB23FFA195003ABB02 /* ProfileDetailViewController.swift */ = {isa = PBXFileReference; lastKnownFileType = sourcecode.swift; path = ProfileDetailViewController.swift; sourceTree = "<group>"; };
		372F22CD23FFAC4F003ABB02 /* ReposTableViewCell.swift */ = {isa = PBXFileReference; lastKnownFileType = sourcecode.swift; path = ReposTableViewCell.swift; sourceTree = "<group>"; };
		372F22CF23FFBDDA003ABB02 /* ResponseError.swift */ = {isa = PBXFileReference; lastKnownFileType = sourcecode.swift; path = ResponseError.swift; sourceTree = "<group>"; };
		374FFE1623FDC01700FA1C3F /* GitHubAPI.app */ = {isa = PBXFileReference; explicitFileType = wrapper.application; includeInIndex = 0; path = GitHubAPI.app; sourceTree = BUILT_PRODUCTS_DIR; };
		374FFE2C23FDC01A00FA1C3F /* GitHubAPITests.xctest */ = {isa = PBXFileReference; explicitFileType = wrapper.cfbundle; includeInIndex = 0; path = GitHubAPITests.xctest; sourceTree = BUILT_PRODUCTS_DIR; };
		374FFE3023FDC01A00FA1C3F /* GitHubAPITests.swift */ = {isa = PBXFileReference; lastKnownFileType = sourcecode.swift; path = GitHubAPITests.swift; sourceTree = "<group>"; };
		374FFE3223FDC01A00FA1C3F /* Info.plist */ = {isa = PBXFileReference; lastKnownFileType = text.plist.xml; path = Info.plist; sourceTree = "<group>"; };
		374FFE4423FE069200FA1C3F /* Info.plist */ = {isa = PBXFileReference; fileEncoding = 4; lastKnownFileType = text.plist.xml; path = Info.plist; sourceTree = "<group>"; };
		374FFE4623FE069200FA1C3F /* LaunchScreen.storyboard */ = {isa = PBXFileReference; fileEncoding = 4; lastKnownFileType = file.storyboard; path = LaunchScreen.storyboard; sourceTree = "<group>"; };
		374FFE4723FE069200FA1C3F /* Assets.xcassets */ = {isa = PBXFileReference; lastKnownFileType = folder.assetcatalog; path = Assets.xcassets; sourceTree = "<group>"; };
		374FFE4823FE069200FA1C3F /* Main.storyboard */ = {isa = PBXFileReference; fileEncoding = 4; lastKnownFileType = file.storyboard; path = Main.storyboard; sourceTree = "<group>"; };
		374FFE5923FE10F800FA1C3F /* Api.swift */ = {isa = PBXFileReference; lastKnownFileType = sourcecode.swift; path = Api.swift; sourceTree = "<group>"; };
		374FFE5B23FE117B00FA1C3F /* ApiDefinitions.swift */ = {isa = PBXFileReference; lastKnownFileType = sourcecode.swift; path = ApiDefinitions.swift; sourceTree = "<group>"; };
		374FFE5F23FE121D00FA1C3F /* Error+Extension.swift */ = {isa = PBXFileReference; fileEncoding = 4; lastKnownFileType = sourcecode.swift; path = "Error+Extension.swift"; sourceTree = "<group>"; };
		374FFE6323FE12CA00FA1C3F /* URLRequest+Extension.swift */ = {isa = PBXFileReference; fileEncoding = 4; lastKnownFileType = sourcecode.swift; path = "URLRequest+Extension.swift"; sourceTree = "<group>"; };
		91B4EC0AD98D688AD3FFDDB8 /* Pods-GitHubAPITests.debug.xcconfig */ = {isa = PBXFileReference; includeInIndex = 1; lastKnownFileType = text.xcconfig; name = "Pods-GitHubAPITests.debug.xcconfig"; path = "Target Support Files/Pods-GitHubAPITests/Pods-GitHubAPITests.debug.xcconfig"; sourceTree = "<group>"; };
		B0A9DD2D8F3F5AC23EB9AFA3 /* Pods_GitHubAPITests.framework */ = {isa = PBXFileReference; explicitFileType = wrapper.framework; includeInIndex = 0; path = Pods_GitHubAPITests.framework; sourceTree = BUILT_PRODUCTS_DIR; };
		C8FC25474A9D1D8FECE60458 /* Pods-GitHubAPI.debug.xcconfig */ = {isa = PBXFileReference; includeInIndex = 1; lastKnownFileType = text.xcconfig; name = "Pods-GitHubAPI.debug.xcconfig"; path = "Target Support Files/Pods-GitHubAPI/Pods-GitHubAPI.debug.xcconfig"; sourceTree = "<group>"; };
		E7427282F4F9227E33EB9CF2 /* Pods-GitHubAPI.release.xcconfig */ = {isa = PBXFileReference; includeInIndex = 1; lastKnownFileType = text.xcconfig; name = "Pods-GitHubAPI.release.xcconfig"; path = "Target Support Files/Pods-GitHubAPI/Pods-GitHubAPI.release.xcconfig"; sourceTree = "<group>"; };
/* End PBXFileReference section */

/* Begin PBXFrameworksBuildPhase section */
		374FFE1323FDC01700FA1C3F /* Frameworks */ = {
			isa = PBXFrameworksBuildPhase;
			buildActionMask = 2147483647;
			files = (
				121B2C70D14959FB5111E1D2 /* Pods_GitHubAPI.framework in Frameworks */,
			);
			runOnlyForDeploymentPostprocessing = 0;
		};
		374FFE2923FDC01A00FA1C3F /* Frameworks */ = {
			isa = PBXFrameworksBuildPhase;
			buildActionMask = 2147483647;
			files = (
				BE1BBA244E79ACFDD294027D /* Pods_GitHubAPITests.framework in Frameworks */,
			);
			runOnlyForDeploymentPostprocessing = 0;
		};
/* End PBXFrameworksBuildPhase section */

/* Begin PBXGroup section */
		31216D0A28E5426F945D2E8D /* Frameworks */ = {
			isa = PBXGroup;
			children = (
				05575C9112240C75CC2B2664 /* Pods_GitHubAPI.framework */,
				B0A9DD2D8F3F5AC23EB9AFA3 /* Pods_GitHubAPITests.framework */,
			);
			name = Frameworks;
			sourceTree = "<group>";
		};
		372F22A923FF9E4E003ABB02 /* entities */ = {
			isa = PBXGroup;
			children = (
				372F22AA23FF9E4E003ABB02 /* RepositoryModel.swift */,
				372F22AB23FF9E4E003ABB02 /* OwnerModel.swift */,
				372F22CF23FFBDDA003ABB02 /* ResponseError.swift */,
			);
			path = entities;
			sourceTree = "<group>";
		};
		372F22AC23FF9E4E003ABB02 /* modules */ = {
			isa = PBXGroup;
			children = (
				372F22B423FF9E4E003ABB02 /* delegate */,
				372F22AD23FF9E4E003ABB02 /* home */,
				372F22B723FF9E4E003ABB02 /* profileDetail */,
			);
			path = modules;
			sourceTree = "<group>";
		};
		372F22AD23FF9E4E003ABB02 /* home */ = {
			isa = PBXGroup;
			children = (
				372F22AE23FF9E4E003ABB02 /* HomeInteractor.swift */,
				372F22AF23FF9E4E003ABB02 /* HomeViewController.swift */,
				372F22B023FF9E4E003ABB02 /* HomeWireFrame.swift */,
				372F22B123FF9E4E003ABB02 /* HomePresenter.swift */,
				372F22B223FF9E4E003ABB02 /* HomeRemoteDataManager.swift */,
				372F22B323FF9E4E003ABB02 /* HomeProtocols.swift */,
			);
			path = home;
			sourceTree = "<group>";
		};
		372F22B423FF9E4E003ABB02 /* delegate */ = {
			isa = PBXGroup;
			children = (
				372F22B523FF9E4E003ABB02 /* AppDelegate.swift */,
				372F22B623FF9E4E003ABB02 /* SceneDelegate.swift */,
			);
			path = delegate;
			sourceTree = "<group>";
		};
		372F22B723FF9E4E003ABB02 /* profileDetail */ = {
			isa = PBXGroup;
			children = (
				372F22B823FF9E4E003ABB02 /* ProfileDetailProtocols.swift */,
				372F22CB23FFA195003ABB02 /* ProfileDetailViewController.swift */,
				372F22B923FF9E4E003ABB02 /* ProfileDetailWireFrame.swift */,
				372F22CD23FFAC4F003ABB02 /* ReposTableViewCell.swift */,
			);
			path = profileDetail;
			sourceTree = "<group>";
		};
		372F22BA23FF9E4E003ABB02 /* utils */ = {
			isa = PBXGroup;
			children = (
				372F22BB23FF9E4E003ABB02 /* Protocols.swift */,
			);
			path = utils;
			sourceTree = "<group>";
		};
		374FFE0D23FDC01700FA1C3F = {
			isa = PBXGroup;
			children = (
				374FFE1823FDC01700FA1C3F /* GitHubAPI */,
				374FFE2F23FDC01A00FA1C3F /* GitHubAPITests */,
				374FFE1723FDC01700FA1C3F /* Products */,
				C650BFE02C1709C554E6289B /* Pods */,
				31216D0A28E5426F945D2E8D /* Frameworks */,
			);
			sourceTree = "<group>";
		};
		374FFE1723FDC01700FA1C3F /* Products */ = {
			isa = PBXGroup;
			children = (
				374FFE1623FDC01700FA1C3F /* GitHubAPI.app */,
				374FFE2C23FDC01A00FA1C3F /* GitHubAPITests.xctest */,
			);
			name = Products;
			sourceTree = "<group>";
		};
		374FFE1823FDC01700FA1C3F /* GitHubAPI */ = {
			isa = PBXGroup;
			children = (
				374FFE5823FE10EC00FA1C3F /* data */,
				372F22A923FF9E4E003ABB02 /* entities */,
				374FFE5723FE0ECF00FA1C3F /* extensions */,
				372F22AC23FF9E4E003ABB02 /* modules */,
				374FFE4523FE069200FA1C3F /* resources */,
				374FFE4323FE069200FA1C3F /* supportingFiles */,
				372F22BA23FF9E4E003ABB02 /* utils */,
			);
			path = GitHubAPI;
			sourceTree = "<group>";
		};
		374FFE2F23FDC01A00FA1C3F /* GitHubAPITests */ = {
			isa = PBXGroup;
			children = (
				374FFE3023FDC01A00FA1C3F /* GitHubAPITests.swift */,
				374FFE3223FDC01A00FA1C3F /* Info.plist */,
			);
			path = GitHubAPITests;
			sourceTree = "<group>";
		};
		374FFE4323FE069200FA1C3F /* supportingFiles */ = {
			isa = PBXGroup;
			children = (
				374FFE4423FE069200FA1C3F /* Info.plist */,
			);
			path = supportingFiles;
			sourceTree = "<group>";
		};
		374FFE4523FE069200FA1C3F /* resources */ = {
			isa = PBXGroup;
			children = (
				374FFE4723FE069200FA1C3F /* Assets.xcassets */,
				374FFE4623FE069200FA1C3F /* LaunchScreen.storyboard */,
				374FFE4823FE069200FA1C3F /* Main.storyboard */,
			);
			path = resources;
			sourceTree = "<group>";
		};
		374FFE5723FE0ECF00FA1C3F /* extensions */ = {
			isa = PBXGroup;
			children = (
				374FFE5F23FE121D00FA1C3F /* Error+Extension.swift */,
				372F22C923FF9E72003ABB02 /* UIViewController+Extension.swift */,
				374FFE6323FE12CA00FA1C3F /* URLRequest+Extension.swift */,
			);
			path = extensions;
			sourceTree = "<group>";
		};
		374FFE5823FE10EC00FA1C3F /* data */ = {
			isa = PBXGroup;
			children = (
				374FFE5923FE10F800FA1C3F /* Api.swift */,
				374FFE5B23FE117B00FA1C3F /* ApiDefinitions.swift */,
			);
			path = data;
			sourceTree = "<group>";
		};
		C650BFE02C1709C554E6289B /* Pods */ = {
			isa = PBXGroup;
			children = (
				C8FC25474A9D1D8FECE60458 /* Pods-GitHubAPI.debug.xcconfig */,
				E7427282F4F9227E33EB9CF2 /* Pods-GitHubAPI.release.xcconfig */,
				91B4EC0AD98D688AD3FFDDB8 /* Pods-GitHubAPITests.debug.xcconfig */,
				047E828E06B568B58FF1312E /* Pods-GitHubAPITests.release.xcconfig */,
			);
			path = Pods;
			sourceTree = "<group>";
		};
/* End PBXGroup section */

/* Begin PBXNativeTarget section */
		374FFE1523FDC01700FA1C3F /* GitHubAPI */ = {
			isa = PBXNativeTarget;
			buildConfigurationList = 374FFE3523FDC01A00FA1C3F /* Build configuration list for PBXNativeTarget "GitHubAPI" */;
			buildPhases = (
				CDA8D9BC86A70707FF847642 /* [CP] Check Pods Manifest.lock */,
				374FFE1223FDC01700FA1C3F /* Sources */,
				374FFE1323FDC01700FA1C3F /* Frameworks */,
				374FFE1423FDC01700FA1C3F /* Resources */,
				1D9254048690D574077757F6 /* [CP] Embed Pods Frameworks */,
			);
			buildRules = (
			);
			dependencies = (
			);
			name = GitHubAPI;
			productName = GitHubAPI;
			productReference = 374FFE1623FDC01700FA1C3F /* GitHubAPI.app */;
			productType = "com.apple.product-type.application";
		};
		374FFE2B23FDC01A00FA1C3F /* GitHubAPITests */ = {
			isa = PBXNativeTarget;
			buildConfigurationList = 374FFE3823FDC01A00FA1C3F /* Build configuration list for PBXNativeTarget "GitHubAPITests" */;
			buildPhases = (
				DD8B0A71D74952B5666E95A0 /* [CP] Check Pods Manifest.lock */,
				374FFE2823FDC01A00FA1C3F /* Sources */,
				374FFE2923FDC01A00FA1C3F /* Frameworks */,
				374FFE2A23FDC01A00FA1C3F /* Resources */,
				10B397CA5CF58CD0C84A55FF /* [CP] Embed Pods Frameworks */,
			);
			buildRules = (
			);
			dependencies = (
				374FFE2E23FDC01A00FA1C3F /* PBXTargetDependency */,
			);
			name = GitHubAPITests;
			productName = GitHubAPITests;
			productReference = 374FFE2C23FDC01A00FA1C3F /* GitHubAPITests.xctest */;
			productType = "com.apple.product-type.bundle.unit-test";
		};
/* End PBXNativeTarget section */

/* Begin PBXProject section */
		374FFE0E23FDC01700FA1C3F /* Project object */ = {
			isa = PBXProject;
			attributes = {
				LastSwiftUpdateCheck = 1130;
				LastUpgradeCheck = 1130;
				ORGANIZATIONNAME = "João Felipe Carvalho";
				TargetAttributes = {
					374FFE1523FDC01700FA1C3F = {
						CreatedOnToolsVersion = 11.3.1;
					};
					374FFE2B23FDC01A00FA1C3F = {
						CreatedOnToolsVersion = 11.3.1;
						TestTargetID = 374FFE1523FDC01700FA1C3F;
					};
				};
			};
			buildConfigurationList = 374FFE1123FDC01700FA1C3F /* Build configuration list for PBXProject "GitHubAPI" */;
			compatibilityVersion = "Xcode 9.3";
			developmentRegion = en;
			hasScannedForEncodings = 0;
			knownRegions = (
				en,
				Base,
			);
			mainGroup = 374FFE0D23FDC01700FA1C3F;
			productRefGroup = 374FFE1723FDC01700FA1C3F /* Products */;
			projectDirPath = "";
			projectRoot = "";
			targets = (
				374FFE1523FDC01700FA1C3F /* GitHubAPI */,
				374FFE2B23FDC01A00FA1C3F /* GitHubAPITests */,
			);
		};
/* End PBXProject section */

/* Begin PBXResourcesBuildPhase section */
		374FFE1423FDC01700FA1C3F /* Resources */ = {
			isa = PBXResourcesBuildPhase;
			buildActionMask = 2147483647;
			files = (
				374FFE5023FE069300FA1C3F /* Assets.xcassets in Resources */,
				374FFE4F23FE069300FA1C3F /* LaunchScreen.storyboard in Resources */,
				374FFE5123FE069300FA1C3F /* Main.storyboard in Resources */,
			);
			runOnlyForDeploymentPostprocessing = 0;
		};
		374FFE2A23FDC01A00FA1C3F /* Resources */ = {
			isa = PBXResourcesBuildPhase;
			buildActionMask = 2147483647;
			files = (
			);
			runOnlyForDeploymentPostprocessing = 0;
		};
/* End PBXResourcesBuildPhase section */

/* Begin PBXShellScriptBuildPhase section */
		10B397CA5CF58CD0C84A55FF /* [CP] Embed Pods Frameworks */ = {
			isa = PBXShellScriptBuildPhase;
			buildActionMask = 2147483647;
			files = (
			);
			inputFileListPaths = (
				"${PODS_ROOT}/Target Support Files/Pods-GitHubAPITests/Pods-GitHubAPITests-frameworks-${CONFIGURATION}-input-files.xcfilelist",
			);
			name = "[CP] Embed Pods Frameworks";
			outputFileListPaths = (
				"${PODS_ROOT}/Target Support Files/Pods-GitHubAPITests/Pods-GitHubAPITests-frameworks-${CONFIGURATION}-output-files.xcfilelist",
			);
			runOnlyForDeploymentPostprocessing = 0;
			shellPath = /bin/sh;
			shellScript = "\"${PODS_ROOT}/Target Support Files/Pods-GitHubAPITests/Pods-GitHubAPITests-frameworks.sh\"\n";
			showEnvVarsInLog = 0;
		};
		1D9254048690D574077757F6 /* [CP] Embed Pods Frameworks */ = {
			isa = PBXShellScriptBuildPhase;
			buildActionMask = 2147483647;
			files = (
			);
			inputFileListPaths = (
				"${PODS_ROOT}/Target Support Files/Pods-GitHubAPI/Pods-GitHubAPI-frameworks-${CONFIGURATION}-input-files.xcfilelist",
			);
			name = "[CP] Embed Pods Frameworks";
			outputFileListPaths = (
				"${PODS_ROOT}/Target Support Files/Pods-GitHubAPI/Pods-GitHubAPI-frameworks-${CONFIGURATION}-output-files.xcfilelist",
			);
			runOnlyForDeploymentPostprocessing = 0;
			shellPath = /bin/sh;
			shellScript = "\"${PODS_ROOT}/Target Support Files/Pods-GitHubAPI/Pods-GitHubAPI-frameworks.sh\"\n";
			showEnvVarsInLog = 0;
		};
		CDA8D9BC86A70707FF847642 /* [CP] Check Pods Manifest.lock */ = {
			isa = PBXShellScriptBuildPhase;
			buildActionMask = 2147483647;
			files = (
			);
			inputFileListPaths = (
			);
			inputPaths = (
				"${PODS_PODFILE_DIR_PATH}/Podfile.lock",
				"${PODS_ROOT}/Manifest.lock",
			);
			name = "[CP] Check Pods Manifest.lock";
			outputFileListPaths = (
			);
			outputPaths = (
				"$(DERIVED_FILE_DIR)/Pods-GitHubAPI-checkManifestLockResult.txt",
			);
			runOnlyForDeploymentPostprocessing = 0;
			shellPath = /bin/sh;
			shellScript = "diff \"${PODS_PODFILE_DIR_PATH}/Podfile.lock\" \"${PODS_ROOT}/Manifest.lock\" > /dev/null\nif [ $? != 0 ] ; then\n    # print error to STDERR\n    echo \"error: The sandbox is not in sync with the Podfile.lock. Run 'pod install' or update your CocoaPods installation.\" >&2\n    exit 1\nfi\n# This output is used by Xcode 'outputs' to avoid re-running this script phase.\necho \"SUCCESS\" > \"${SCRIPT_OUTPUT_FILE_0}\"\n";
			showEnvVarsInLog = 0;
		};
		DD8B0A71D74952B5666E95A0 /* [CP] Check Pods Manifest.lock */ = {
			isa = PBXShellScriptBuildPhase;
			buildActionMask = 2147483647;
			files = (
			);
			inputFileListPaths = (
			);
			inputPaths = (
				"${PODS_PODFILE_DIR_PATH}/Podfile.lock",
				"${PODS_ROOT}/Manifest.lock",
			);
			name = "[CP] Check Pods Manifest.lock";
			outputFileListPaths = (
			);
			outputPaths = (
				"$(DERIVED_FILE_DIR)/Pods-GitHubAPITests-checkManifestLockResult.txt",
			);
			runOnlyForDeploymentPostprocessing = 0;
			shellPath = /bin/sh;
			shellScript = "diff \"${PODS_PODFILE_DIR_PATH}/Podfile.lock\" \"${PODS_ROOT}/Manifest.lock\" > /dev/null\nif [ $? != 0 ] ; then\n    # print error to STDERR\n    echo \"error: The sandbox is not in sync with the Podfile.lock. Run 'pod install' or update your CocoaPods installation.\" >&2\n    exit 1\nfi\n# This output is used by Xcode 'outputs' to avoid re-running this script phase.\necho \"SUCCESS\" > \"${SCRIPT_OUTPUT_FILE_0}\"\n";
			showEnvVarsInLog = 0;
		};
/* End PBXShellScriptBuildPhase section */

/* Begin PBXSourcesBuildPhase section */
		374FFE1223FDC01700FA1C3F /* Sources */ = {
			isa = PBXSourcesBuildPhase;
			buildActionMask = 2147483647;
			files = (
				372F22CA23FF9E72003ABB02 /* UIViewController+Extension.swift in Sources */,
				374FFE6423FE12CA00FA1C3F /* URLRequest+Extension.swift in Sources */,
				372F22C523FF9E4E003ABB02 /* SceneDelegate.swift in Sources */,
				372F22BC23FF9E4E003ABB02 /* RepositoryModel.swift in Sources */,
				372F22C223FF9E4E003ABB02 /* HomeRemoteDataManager.swift in Sources */,
				374FFE5A23FE10F800FA1C3F /* Api.swift in Sources */,
				372F22D023FFBDDA003ABB02 /* ResponseError.swift in Sources */,
				372F22C323FF9E4E003ABB02 /* HomeProtocols.swift in Sources */,
				372F22C123FF9E4E003ABB02 /* HomePresenter.swift in Sources */,
				372F22BF23FF9E4E003ABB02 /* HomeViewController.swift in Sources */,
				372F22CC23FFA195003ABB02 /* ProfileDetailViewController.swift in Sources */,
				372F22BD23FF9E4E003ABB02 /* OwnerModel.swift in Sources */,
				372F22CE23FFAC4F003ABB02 /* ReposTableViewCell.swift in Sources */,
				372F22C623FF9E4E003ABB02 /* ProfileDetailProtocols.swift in Sources */,
				372F22C423FF9E4E003ABB02 /* AppDelegate.swift in Sources */,
				374FFE5C23FE117B00FA1C3F /* ApiDefinitions.swift in Sources */,
				374FFE6023FE121D00FA1C3F /* Error+Extension.swift in Sources */,
				372F22C723FF9E4E003ABB02 /* ProfileDetailWireFrame.swift in Sources */,
				372F22C023FF9E4E003ABB02 /* HomeWireFrame.swift in Sources */,
				372F22C823FF9E4E003ABB02 /* Protocols.swift in Sources */,
				372F22BE23FF9E4E003ABB02 /* HomeInteractor.swift in Sources */,
			);
			runOnlyForDeploymentPostprocessing = 0;
		};
		374FFE2823FDC01A00FA1C3F /* Sources */ = {
			isa = PBXSourcesBuildPhase;
			buildActionMask = 2147483647;
			files = (
				374FFE3123FDC01A00FA1C3F /* GitHubAPITests.swift in Sources */,
			);
			runOnlyForDeploymentPostprocessing = 0;
		};
/* End PBXSourcesBuildPhase section */

/* Begin PBXTargetDependency section */
		374FFE2E23FDC01A00FA1C3F /* PBXTargetDependency */ = {
			isa = PBXTargetDependency;
			target = 374FFE1523FDC01700FA1C3F /* GitHubAPI */;
			targetProxy = 374FFE2D23FDC01A00FA1C3F /* PBXContainerItemProxy */;
		};
/* End PBXTargetDependency section */

/* Begin XCBuildConfiguration section */
		374FFE3323FDC01A00FA1C3F /* Debug */ = {
			isa = XCBuildConfiguration;
			buildSettings = {
				ALWAYS_SEARCH_USER_PATHS = NO;
				CLANG_ANALYZER_NONNULL = YES;
				CLANG_ANALYZER_NUMBER_OBJECT_CONVERSION = YES_AGGRESSIVE;
				CLANG_CXX_LANGUAGE_STANDARD = "gnu++14";
				CLANG_CXX_LIBRARY = "libc++";
				CLANG_ENABLE_MODULES = YES;
				CLANG_ENABLE_OBJC_ARC = YES;
				CLANG_ENABLE_OBJC_WEAK = YES;
				CLANG_WARN_BLOCK_CAPTURE_AUTORELEASING = YES;
				CLANG_WARN_BOOL_CONVERSION = YES;
				CLANG_WARN_COMMA = YES;
				CLANG_WARN_CONSTANT_CONVERSION = YES;
				CLANG_WARN_DEPRECATED_OBJC_IMPLEMENTATIONS = YES;
				CLANG_WARN_DIRECT_OBJC_ISA_USAGE = YES_ERROR;
				CLANG_WARN_DOCUMENTATION_COMMENTS = YES;
				CLANG_WARN_EMPTY_BODY = YES;
				CLANG_WARN_ENUM_CONVERSION = YES;
				CLANG_WARN_INFINITE_RECURSION = YES;
				CLANG_WARN_INT_CONVERSION = YES;
				CLANG_WARN_NON_LITERAL_NULL_CONVERSION = YES;
				CLANG_WARN_OBJC_IMPLICIT_RETAIN_SELF = YES;
				CLANG_WARN_OBJC_LITERAL_CONVERSION = YES;
				CLANG_WARN_OBJC_ROOT_CLASS = YES_ERROR;
				CLANG_WARN_RANGE_LOOP_ANALYSIS = YES;
				CLANG_WARN_STRICT_PROTOTYPES = YES;
				CLANG_WARN_SUSPICIOUS_MOVE = YES;
				CLANG_WARN_UNGUARDED_AVAILABILITY = YES_AGGRESSIVE;
				CLANG_WARN_UNREACHABLE_CODE = YES;
				CLANG_WARN__DUPLICATE_METHOD_MATCH = YES;
				COPY_PHASE_STRIP = NO;
				DEBUG_INFORMATION_FORMAT = dwarf;
				ENABLE_STRICT_OBJC_MSGSEND = YES;
				ENABLE_TESTABILITY = YES;
				GCC_C_LANGUAGE_STANDARD = gnu11;
				GCC_DYNAMIC_NO_PIC = NO;
				GCC_NO_COMMON_BLOCKS = YES;
				GCC_OPTIMIZATION_LEVEL = 0;
				GCC_PREPROCESSOR_DEFINITIONS = (
					"DEBUG=1",
					"$(inherited)",
				);
				GCC_WARN_64_TO_32_BIT_CONVERSION = YES;
				GCC_WARN_ABOUT_RETURN_TYPE = YES_ERROR;
				GCC_WARN_UNDECLARED_SELECTOR = YES;
				GCC_WARN_UNINITIALIZED_AUTOS = YES_AGGRESSIVE;
				GCC_WARN_UNUSED_FUNCTION = YES;
				GCC_WARN_UNUSED_VARIABLE = YES;
				IPHONEOS_DEPLOYMENT_TARGET = 13.2;
				MTL_ENABLE_DEBUG_INFO = INCLUDE_SOURCE;
				MTL_FAST_MATH = YES;
				ONLY_ACTIVE_ARCH = YES;
				SDKROOT = iphoneos;
				SWIFT_ACTIVE_COMPILATION_CONDITIONS = DEBUG;
				SWIFT_OPTIMIZATION_LEVEL = "-Onone";
			};
			name = Debug;
		};
		374FFE3423FDC01A00FA1C3F /* Release */ = {
			isa = XCBuildConfiguration;
			buildSettings = {
				ALWAYS_SEARCH_USER_PATHS = NO;
				CLANG_ANALYZER_NONNULL = YES;
				CLANG_ANALYZER_NUMBER_OBJECT_CONVERSION = YES_AGGRESSIVE;
				CLANG_CXX_LANGUAGE_STANDARD = "gnu++14";
				CLANG_CXX_LIBRARY = "libc++";
				CLANG_ENABLE_MODULES = YES;
				CLANG_ENABLE_OBJC_ARC = YES;
				CLANG_ENABLE_OBJC_WEAK = YES;
				CLANG_WARN_BLOCK_CAPTURE_AUTORELEASING = YES;
				CLANG_WARN_BOOL_CONVERSION = YES;
				CLANG_WARN_COMMA = YES;
				CLANG_WARN_CONSTANT_CONVERSION = YES;
				CLANG_WARN_DEPRECATED_OBJC_IMPLEMENTATIONS = YES;
				CLANG_WARN_DIRECT_OBJC_ISA_USAGE = YES_ERROR;
				CLANG_WARN_DOCUMENTATION_COMMENTS = YES;
				CLANG_WARN_EMPTY_BODY = YES;
				CLANG_WARN_ENUM_CONVERSION = YES;
				CLANG_WARN_INFINITE_RECURSION = YES;
				CLANG_WARN_INT_CONVERSION = YES;
				CLANG_WARN_NON_LITERAL_NULL_CONVERSION = YES;
				CLANG_WARN_OBJC_IMPLICIT_RETAIN_SELF = YES;
				CLANG_WARN_OBJC_LITERAL_CONVERSION = YES;
				CLANG_WARN_OBJC_ROOT_CLASS = YES_ERROR;
				CLANG_WARN_RANGE_LOOP_ANALYSIS = YES;
				CLANG_WARN_STRICT_PROTOTYPES = YES;
				CLANG_WARN_SUSPICIOUS_MOVE = YES;
				CLANG_WARN_UNGUARDED_AVAILABILITY = YES_AGGRESSIVE;
				CLANG_WARN_UNREACHABLE_CODE = YES;
				CLANG_WARN__DUPLICATE_METHOD_MATCH = YES;
				COPY_PHASE_STRIP = NO;
				DEBUG_INFORMATION_FORMAT = "dwarf-with-dsym";
				ENABLE_NS_ASSERTIONS = NO;
				ENABLE_STRICT_OBJC_MSGSEND = YES;
				GCC_C_LANGUAGE_STANDARD = gnu11;
				GCC_NO_COMMON_BLOCKS = YES;
				GCC_WARN_64_TO_32_BIT_CONVERSION = YES;
				GCC_WARN_ABOUT_RETURN_TYPE = YES_ERROR;
				GCC_WARN_UNDECLARED_SELECTOR = YES;
				GCC_WARN_UNINITIALIZED_AUTOS = YES_AGGRESSIVE;
				GCC_WARN_UNUSED_FUNCTION = YES;
				GCC_WARN_UNUSED_VARIABLE = YES;
				IPHONEOS_DEPLOYMENT_TARGET = 13.2;
				MTL_ENABLE_DEBUG_INFO = NO;
				MTL_FAST_MATH = YES;
				SDKROOT = iphoneos;
				SWIFT_COMPILATION_MODE = wholemodule;
				SWIFT_OPTIMIZATION_LEVEL = "-O";
				VALIDATE_PRODUCT = YES;
			};
			name = Release;
		};
		374FFE3623FDC01A00FA1C3F /* Debug */ = {
			isa = XCBuildConfiguration;
			baseConfigurationReference = C8FC25474A9D1D8FECE60458 /* Pods-GitHubAPI.debug.xcconfig */;
			buildSettings = {
				ASSETCATALOG_COMPILER_APPICON_NAME = AppIcon;
				CODE_SIGN_STYLE = Automatic;
				CURRENT_PROJECT_VERSION = 0;
				DEVELOPMENT_TEAM = 3URLZEFDTH;
				INFOPLIST_FILE = "$(SRCROOT)/GitHubAPI/supportingFiles/Info.plist";
				LD_RUNPATH_SEARCH_PATHS = (
					"$(inherited)",
					"@executable_path/Frameworks",
				);
				MARKETING_VERSION = 1.0.0;
				PRODUCT_BUNDLE_IDENTIFIER = com.jfapps.GitHubAPI;
				PRODUCT_NAME = "$(TARGET_NAME)";
				SWIFT_VERSION = 5.0;
				TARGETED_DEVICE_FAMILY = "1,2";
			};
			name = Debug;
		};
		374FFE3723FDC01A00FA1C3F /* Release */ = {
			isa = XCBuildConfiguration;
			baseConfigurationReference = E7427282F4F9227E33EB9CF2 /* Pods-GitHubAPI.release.xcconfig */;
			buildSettings = {
				ASSETCATALOG_COMPILER_APPICON_NAME = AppIcon;
				CODE_SIGN_STYLE = Automatic;
				CURRENT_PROJECT_VERSION = 0;
				DEVELOPMENT_TEAM = 3URLZEFDTH;
				INFOPLIST_FILE = "$(SRCROOT)/GitHubAPI/supportingFiles/Info.plist";
				LD_RUNPATH_SEARCH_PATHS = (
					"$(inherited)",
					"@executable_path/Frameworks",
				);
				MARKETING_VERSION = 1.0.0;
				PRODUCT_BUNDLE_IDENTIFIER = com.jfapps.GitHubAPI;
				PRODUCT_NAME = "$(TARGET_NAME)";
				SWIFT_VERSION = 5.0;
				TARGETED_DEVICE_FAMILY = "1,2";
			};
			name = Release;
		};
		374FFE3923FDC01A00FA1C3F /* Debug */ = {
			isa = XCBuildConfiguration;
			baseConfigurationReference = 91B4EC0AD98D688AD3FFDDB8 /* Pods-GitHubAPITests.debug.xcconfig */;
			buildSettings = {
				ALWAYS_EMBED_SWIFT_STANDARD_LIBRARIES = YES;
				BUNDLE_LOADER = "$(TEST_HOST)";
				CODE_SIGN_STYLE = Automatic;
				DEVELOPMENT_TEAM = 3URLZEFDTH;
				INFOPLIST_FILE = GitHubAPITests/Info.plist;
				IPHONEOS_DEPLOYMENT_TARGET = 13.2;
				LD_RUNPATH_SEARCH_PATHS = (
					"$(inherited)",
					"@executable_path/Frameworks",
					"@loader_path/Frameworks",
				);
				PRODUCT_BUNDLE_IDENTIFIER = com.jfapps.GitHubAPITests;
				PRODUCT_NAME = "$(TARGET_NAME)";
				SWIFT_VERSION = 5.0;
				TARGETED_DEVICE_FAMILY = "1,2";
				TEST_HOST = "$(BUILT_PRODUCTS_DIR)/GitHubAPI.app/GitHubAPI";
			};
			name = Debug;
		};
		374FFE3A23FDC01A00FA1C3F /* Release */ = {
			isa = XCBuildConfiguration;
			baseConfigurationReference = 047E828E06B568B58FF1312E /* Pods-GitHubAPITests.release.xcconfig */;
			buildSettings = {
				ALWAYS_EMBED_SWIFT_STANDARD_LIBRARIES = YES;
				BUNDLE_LOADER = "$(TEST_HOST)";
				CODE_SIGN_STYLE = Automatic;
				DEVELOPMENT_TEAM = 3URLZEFDTH;
				INFOPLIST_FILE = GitHubAPITests/Info.plist;
				IPHONEOS_DEPLOYMENT_TARGET = 13.2;
				LD_RUNPATH_SEARCH_PATHS = (
					"$(inherited)",
					"@executable_path/Frameworks",
					"@loader_path/Frameworks",
				);
				PRODUCT_BUNDLE_IDENTIFIER = com.jfapps.GitHubAPITests;
				PRODUCT_NAME = "$(TARGET_NAME)";
				SWIFT_VERSION = 5.0;
				TARGETED_DEVICE_FAMILY = "1,2";
				TEST_HOST = "$(BUILT_PRODUCTS_DIR)/GitHubAPI.app/GitHubAPI";
			};
			name = Release;
		};
/* End XCBuildConfiguration section */

/* Begin XCConfigurationList section */
		374FFE1123FDC01700FA1C3F /* Build configuration list for PBXProject "GitHubAPI" */ = {
			isa = XCConfigurationList;
			buildConfigurations = (
				374FFE3323FDC01A00FA1C3F /* Debug */,
				374FFE3423FDC01A00FA1C3F /* Release */,
			);
			defaultConfigurationIsVisible = 0;
			defaultConfigurationName = Release;
		};
		374FFE3523FDC01A00FA1C3F /* Build configuration list for PBXNativeTarget "GitHubAPI" */ = {
			isa = XCConfigurationList;
			buildConfigurations = (
				374FFE3623FDC01A00FA1C3F /* Debug */,
				374FFE3723FDC01A00FA1C3F /* Release */,
			);
			defaultConfigurationIsVisible = 0;
			defaultConfigurationName = Release;
		};
		374FFE3823FDC01A00FA1C3F /* Build configuration list for PBXNativeTarget "GitHubAPITests" */ = {
			isa = XCConfigurationList;
			buildConfigurations = (
				374FFE3923FDC01A00FA1C3F /* Debug */,
				374FFE3A23FDC01A00FA1C3F /* Release */,
			);
			defaultConfigurationIsVisible = 0;
			defaultConfigurationName = Release;
		};
/* End XCConfigurationList section */
	};
	rootObject = 374FFE0E23FDC01700FA1C3F /* Project object */;
}
